
Microsoft Visual Studio Solution File, Format Version 12.00
# Visual Studio Version 16
VisualStudioVersion = 16.0.30204.135
MinimumVisualStudioVersion = 10.0.40219.1
Project("{FAE04EC0-301F-11D3-BF4B-00C04F79EFBC}") = "CookTime.Android", "CookTime\CookTime.Android\CookTime.Android.csproj", "{6B119581-5B41-46CB-A48E-903E3C64ED9E}"
EndProject
Project("{FAE04EC0-301F-11D3-BF4B-00C04F79EFBC}") = "CookTime.iOS", "CookTime\CookTime.iOS\CookTime.iOS.csproj", "{70ADD64F-2C95-4374-B53A-79A95FF51DEC}"
EndProject
Project("{9A19103F-16F7-4668-BE54-9A1E7A4F7556}") = "CookTime", "CookTime\CookTime\CookTime.csproj", "{C16553C6-67DC-48DF-B134-1EE45ABB3310}"
EndProject
Project("{2150E333-8FDC-42A3-9474-1A3956D46DE8}") = "Solution Items", "Solution Items", "{468EF851-885A-4BB3-9DFE-57C386504EFD}"
	ProjectSection(SolutionItems) = preProject
		.editorconfig = .editorconfig
	EndProjectSection
EndProject
Global
	GlobalSection(SolutionConfigurationPlatforms) = preSolution
		Debug|Any CPU = Debug|Any CPU
		Debug|iPhone = Debug|iPhone
		Debug|iPhoneSimulator = Debug|iPhoneSimulator
		Release|Any CPU = Release|Any CPU
		Release|iPhone = Release|iPhone
		Release|iPhoneSimulator = Release|iPhoneSimulator
	EndGlobalSection
	GlobalSection(ProjectConfigurationPlatforms) = postSolution
		{6B119581-5B41-46CB-A48E-903E3C64ED9E}.Debug|Any CPU.ActiveCfg = Debug|Any CPU
		{6B119581-5B41-46CB-A48E-903E3C64ED9E}.Debug|Any CPU.Build.0 = Debug|Any CPU
		{6B119581-5B41-46CB-A48E-903E3C64ED9E}.Debug|Any CPU.Deploy.0 = Debug|Any CPU
		{6B119581-5B41-46CB-A48E-903E3C64ED9E}.Debug|iPhone.ActiveCfg = Debug|Any CPU
		{6B119581-5B41-46CB-A48E-903E3C64ED9E}.Debug|iPhone.Build.0 = Debug|Any CPU
		{6B119581-5B41-46CB-A48E-903E3C64ED9E}.Debug|iPhone.Deploy.0 = Debug|Any CPU
		{6B119581-5B41-46CB-A48E-903E3C64ED9E}.Debug|iPhoneSimulator.ActiveCfg = Debug|Any CPU
		{6B119581-5B41-46CB-A48E-903E3C64ED9E}.Debug|iPhoneSimulator.Build.0 = Debug|Any CPU
		{6B119581-5B41-46CB-A48E-903E3C64ED9E}.Debug|iPhoneSimulator.Deploy.0 = Debug|Any CPU
		{6B119581-5B41-46CB-A48E-903E3C64ED9E}.Release|Any CPU.ActiveCfg = Release|Any CPU
		{6B119581-5B41-46CB-A48E-903E3C64ED9E}.Release|Any CPU.Build.0 = Release|Any CPU
		{6B119581-5B41-46CB-A48E-903E3C64ED9E}.Release|Any CPU.Deploy.0 = Release|Any CPU
		{6B119581-5B41-46CB-A48E-903E3C64ED9E}.Release|iPhone.ActiveCfg = Release|Any CPU
		{6B119581-5B41-46CB-A48E-903E3C64ED9E}.Release|iPhone.Build.0 = Release|Any CPU
		{6B119581-5B41-46CB-A48E-903E3C64ED9E}.Release|iPhone.Deploy.0 = Release|Any CPU
		{6B119581-5B41-46CB-A48E-903E3C64ED9E}.Release|iPhoneSimulator.ActiveCfg = Release|Any CPU
		{6B119581-5B41-46CB-A48E-903E3C64ED9E}.Release|iPhoneSimulator.Build.0 = Release|Any CPU
		{6B119581-5B41-46CB-A48E-903E3C64ED9E}.Release|iPhoneSimulator.Deploy.0 = Release|Any CPU
		{70ADD64F-2C95-4374-B53A-79A95FF51DEC}.Debug|Any CPU.ActiveCfg = Debug|iPhone
		{70ADD64F-2C95-4374-B53A-79A95FF51DEC}.Debug|iPhone.ActiveCfg = Debug|iPhone
		{70ADD64F-2C95-4374-B53A-79A95FF51DEC}.Debug|iPhone.Build.0 = Debug|iPhone
		{70ADD64F-2C95-4374-B53A-79A95FF51DEC}.Debug|iPhoneSimulator.ActiveCfg = Debug|iPhoneSimulator
		{70ADD64F-2C95-4374-B53A-79A95FF51DEC}.Debug|iPhoneSimulator.Build.0 = Debug|iPhoneSimulator
		{70ADD64F-2C95-4374-B53A-79A95FF51DEC}.Release|Any CPU.ActiveCfg = Release|iPhone
		{70ADD64F-2C95-4374-B53A-79A95FF51DEC}.Release|iPhone.ActiveCfg = Release|iPhone
		{70ADD64F-2C95-4374-B53A-79A95FF51DEC}.Release|iPhone.Build.0 = Release|iPhone
		{70ADD64F-2C95-4374-B53A-79A95FF51DEC}.Release|iPhoneSimulator.ActiveCfg = Release|iPhoneSimulator
		{70ADD64F-2C95-4374-B53A-79A95FF51DEC}.Release|iPhoneSimulator.Build.0 = Release|iPhoneSimulator
		{C16553C6-67DC-48DF-B134-1EE45ABB3310}.Debug|Any CPU.ActiveCfg = Debug|Any CPU
		{C16553C6-67DC-48DF-B134-1EE45ABB3310}.Debug|Any CPU.Build.0 = Debug|Any CPU
		{C16553C6-67DC-48DF-B134-1EE45ABB3310}.Debug|iPhone.ActiveCfg = Debug|Any CPU
		{C16553C6-67DC-48DF-B134-1EE45ABB3310}.Debug|iPhone.Build.0 = Debug|Any CPU
		{C16553C6-67DC-48DF-B134-1EE45ABB3310}.Debug|iPhoneSimulator.ActiveCfg = Debug|Any CPU
		{C16553C6-67DC-48DF-B134-1EE45ABB3310}.Debug|iPhoneSimulator.Build.0 = Debug|Any CPU
		{C16553C6-67DC-48DF-B134-1EE45ABB3310}.Release|Any CPU.ActiveCfg = Release|Any CPU
		{C16553C6-67DC-48DF-B134-1EE45ABB3310}.Release|Any CPU.Build.0 = Release|Any CPU
		{C16553C6-67DC-48DF-B134-1EE45ABB3310}.Release|iPhone.ActiveCfg = Release|Any CPU
		{C16553C6-67DC-48DF-B134-1EE45ABB3310}.Release|iPhone.Build.0 = Release|Any CPU
		{C16553C6-67DC-48DF-B134-1EE45ABB3310}.Release|iPhoneSimulator.ActiveCfg = Release|Any CPU
		{C16553C6-67DC-48DF-B134-1EE45ABB3310}.Release|iPhoneSimulator.Build.0 = Release|Any CPU
	EndGlobalSection
	GlobalSection(SolutionProperties) = preSolution
		HideSolutionNode = FALSE
	EndGlobalSection
	GlobalSection(ExtensibilityGlobals) = postSolution
		SolutionGuid = {6EF0B153-35DC-4BB4-99A6-01CCD0DBE1A6}
	EndGlobalSection
EndGlobal
