
Microsoft Visual Studio Solution File, Format Version 12.00
# Visual Studio Version 16
VisualStudioVersion = 16.0.30204.135
MinimumVisualStudioVersion = 10.0.40219.1
Project("{FAE04EC0-301F-11D3-BF4B-00C04F79EFBC}") = "CookTime.Android", "CookTime.Android\CookTime.Android.csproj", "{F0453820-591F-4EDB-889C-5825453ACA4E}"
EndProject
Project("{FAE04EC0-301F-11D3-BF4B-00C04F79EFBC}") = "CookTime.iOS", "CookTime.iOS\CookTime.iOS.csproj", "{9D4AB1D7-77B3-4404-9A8B-3B2F2BCF159C}"
EndProject
Project("{FAE04EC0-301F-11D3-BF4B-00C04F79EFBC}") = "CookTime.Web", "CookTime.Web\CookTime.Web.csproj", "{F2389B4E-8311-4D17-B83F-36FDFBB5BC6E}"
EndProject
Project("{FAE04EC0-301F-11D3-BF4B-00C04F79EFBC}") = "CookTime", "CookTime\CookTime.csproj", "{DA0FFA4D-130A-48D9-A30C-BA4013821065}"
EndProject
Global
	GlobalSection(SolutionConfigurationPlatforms) = preSolution
		Debug|Any CPU = Debug|Any CPU
		Debug|iPhone = Debug|iPhone
		Debug|iPhoneSimulator = Debug|iPhoneSimulator
		Release|Any CPU = Release|Any CPU
		Release|iPhone = Release|iPhone
		Release|iPhoneSimulator = Release|iPhoneSimulator
	EndGlobalSection
	GlobalSection(ProjectConfigurationPlatforms) = postSolution
		{F0453820-591F-4EDB-889C-5825453ACA4E}.Debug|Any CPU.ActiveCfg = Debug|Any CPU
		{F0453820-591F-4EDB-889C-5825453ACA4E}.Debug|Any CPU.Build.0 = Debug|Any CPU
		{F0453820-591F-4EDB-889C-5825453ACA4E}.Debug|Any CPU.Deploy.0 = Debug|Any CPU
		{F0453820-591F-4EDB-889C-5825453ACA4E}.Debug|iPhone.ActiveCfg = Debug|Any CPU
		{F0453820-591F-4EDB-889C-5825453ACA4E}.Debug|iPhone.Build.0 = Debug|Any CPU
		{F0453820-591F-4EDB-889C-5825453ACA4E}.Debug|iPhone.Deploy.0 = Debug|Any CPU
		{F0453820-591F-4EDB-889C-5825453ACA4E}.Debug|iPhoneSimulator.ActiveCfg = Debug|Any CPU
		{F0453820-591F-4EDB-889C-5825453ACA4E}.Debug|iPhoneSimulator.Build.0 = Debug|Any CPU
		{F0453820-591F-4EDB-889C-5825453ACA4E}.Debug|iPhoneSimulator.Deploy.0 = Debug|Any CPU
		{F0453820-591F-4EDB-889C-5825453ACA4E}.Release|Any CPU.ActiveCfg = Release|Any CPU
		{F0453820-591F-4EDB-889C-5825453ACA4E}.Release|Any CPU.Build.0 = Release|Any CPU
		{F0453820-591F-4EDB-889C-5825453ACA4E}.Release|Any CPU.Deploy.0 = Release|Any CPU
		{F0453820-591F-4EDB-889C-5825453ACA4E}.Release|iPhone.ActiveCfg = Release|Any CPU
		{F0453820-591F-4EDB-889C-5825453ACA4E}.Release|iPhone.Build.0 = Release|Any CPU
		{F0453820-591F-4EDB-889C-5825453ACA4E}.Release|iPhone.Deploy.0 = Release|Any CPU
		{F0453820-591F-4EDB-889C-5825453ACA4E}.Release|iPhoneSimulator.ActiveCfg = Release|Any CPU
		{F0453820-591F-4EDB-889C-5825453ACA4E}.Release|iPhoneSimulator.Build.0 = Release|Any CPU
		{F0453820-591F-4EDB-889C-5825453ACA4E}.Release|iPhoneSimulator.Deploy.0 = Release|Any CPU
		{9D4AB1D7-77B3-4404-9A8B-3B2F2BCF159C}.Debug|Any CPU.ActiveCfg = Debug|iPhone
		{9D4AB1D7-77B3-4404-9A8B-3B2F2BCF159C}.Debug|Any CPU.Build.0 = Debug|iPhone
		{9D4AB1D7-77B3-4404-9A8B-3B2F2BCF159C}.Debug|Any CPU.Deploy.0 = Debug|iPhone
		{9D4AB1D7-77B3-4404-9A8B-3B2F2BCF159C}.Debug|iPhone.ActiveCfg = Debug|iPhone
		{9D4AB1D7-77B3-4404-9A8B-3B2F2BCF159C}.Debug|iPhone.Build.0 = Debug|iPhone
		{9D4AB1D7-77B3-4404-9A8B-3B2F2BCF159C}.Debug|iPhone.Deploy.0 = Debug|iPhone
		{9D4AB1D7-77B3-4404-9A8B-3B2F2BCF159C}.Debug|iPhoneSimulator.ActiveCfg = Debug|iPhoneSimulator
		{9D4AB1D7-77B3-4404-9A8B-3B2F2BCF159C}.Debug|iPhoneSimulator.Build.0 = Debug|iPhoneSimulator
		{9D4AB1D7-77B3-4404-9A8B-3B2F2BCF159C}.Debug|iPhoneSimulator.Deploy.0 = Debug|iPhoneSimulator
		{9D4AB1D7-77B3-4404-9A8B-3B2F2BCF159C}.Release|Any CPU.ActiveCfg = Release|iPhone
		{9D4AB1D7-77B3-4404-9A8B-3B2F2BCF159C}.Release|Any CPU.Build.0 = Release|iPhone
		{9D4AB1D7-77B3-4404-9A8B-3B2F2BCF159C}.Release|Any CPU.Deploy.0 = Release|iPhone
		{9D4AB1D7-77B3-4404-9A8B-3B2F2BCF159C}.Release|iPhone.ActiveCfg = Release|iPhone
		{9D4AB1D7-77B3-4404-9A8B-3B2F2BCF159C}.Release|iPhone.Build.0 = Release|iPhone
		{9D4AB1D7-77B3-4404-9A8B-3B2F2BCF159C}.Release|iPhone.Deploy.0 = Release|iPhone
		{9D4AB1D7-77B3-4404-9A8B-3B2F2BCF159C}.Release|iPhoneSimulator.ActiveCfg = Release|iPhoneSimulator
		{9D4AB1D7-77B3-4404-9A8B-3B2F2BCF159C}.Release|iPhoneSimulator.Build.0 = Release|iPhoneSimulator
		{9D4AB1D7-77B3-4404-9A8B-3B2F2BCF159C}.Release|iPhoneSimulator.Deploy.0 = Release|iPhoneSimulator
		{F2389B4E-8311-4D17-B83F-36FDFBB5BC6E}.Debug|Any CPU.ActiveCfg = Debug|Any CPU
		{F2389B4E-8311-4D17-B83F-36FDFBB5BC6E}.Debug|Any CPU.Build.0 = Debug|Any CPU
		{F2389B4E-8311-4D17-B83F-36FDFBB5BC6E}.Debug|Any CPU.Deploy.0 = Debug|Any CPU
		{F2389B4E-8311-4D17-B83F-36FDFBB5BC6E}.Debug|iPhone.ActiveCfg = Debug|Any CPU
		{F2389B4E-8311-4D17-B83F-36FDFBB5BC6E}.Debug|iPhone.Build.0 = Debug|Any CPU
		{F2389B4E-8311-4D17-B83F-36FDFBB5BC6E}.Debug|iPhone.Deploy.0 = Debug|Any CPU
		{F2389B4E-8311-4D17-B83F-36FDFBB5BC6E}.Debug|iPhoneSimulator.ActiveCfg = Debug|Any CPU
		{F2389B4E-8311-4D17-B83F-36FDFBB5BC6E}.Debug|iPhoneSimulator.Build.0 = Debug|Any CPU
		{F2389B4E-8311-4D17-B83F-36FDFBB5BC6E}.Debug|iPhoneSimulator.Deploy.0 = Debug|Any CPU
		{F2389B4E-8311-4D17-B83F-36FDFBB5BC6E}.Release|Any CPU.ActiveCfg = Release|Any CPU
		{F2389B4E-8311-4D17-B83F-36FDFBB5BC6E}.Release|Any CPU.Build.0 = Release|Any CPU
		{F2389B4E-8311-4D17-B83F-36FDFBB5BC6E}.Release|Any CPU.Deploy.0 = Release|Any CPU
		{F2389B4E-8311-4D17-B83F-36FDFBB5BC6E}.Release|iPhone.ActiveCfg = Release|Any CPU
		{F2389B4E-8311-4D17-B83F-36FDFBB5BC6E}.Release|iPhone.Build.0 = Release|Any CPU
		{F2389B4E-8311-4D17-B83F-36FDFBB5BC6E}.Release|iPhone.Deploy.0 = Release|Any CPU
		{F2389B4E-8311-4D17-B83F-36FDFBB5BC6E}.Release|iPhoneSimulator.ActiveCfg = Release|Any CPU
		{F2389B4E-8311-4D17-B83F-36FDFBB5BC6E}.Release|iPhoneSimulator.Build.0 = Release|Any CPU
		{F2389B4E-8311-4D17-B83F-36FDFBB5BC6E}.Release|iPhoneSimulator.Deploy.0 = Release|Any CPU
		{DA0FFA4D-130A-48D9-A30C-BA4013821065}.Debug|Any CPU.ActiveCfg = Debug|Any CPU
		{DA0FFA4D-130A-48D9-A30C-BA4013821065}.Debug|Any CPU.Build.0 = Debug|Any CPU
		{DA0FFA4D-130A-48D9-A30C-BA4013821065}.Debug|Any CPU.Deploy.0 = Debug|Any CPU
		{DA0FFA4D-130A-48D9-A30C-BA4013821065}.Debug|iPhone.ActiveCfg = Debug|Any CPU
		{DA0FFA4D-130A-48D9-A30C-BA4013821065}.Debug|iPhone.Build.0 = Debug|Any CPU
		{DA0FFA4D-130A-48D9-A30C-BA4013821065}.Debug|iPhone.Deploy.0 = Debug|Any CPU
		{DA0FFA4D-130A-48D9-A30C-BA4013821065}.Debug|iPhoneSimulator.ActiveCfg = Debug|Any CPU
		{DA0FFA4D-130A-48D9-A30C-BA4013821065}.Debug|iPhoneSimulator.Build.0 = Debug|Any CPU
		{DA0FFA4D-130A-48D9-A30C-BA4013821065}.Debug|iPhoneSimulator.Deploy.0 = Debug|Any CPU
		{DA0FFA4D-130A-48D9-A30C-BA4013821065}.Release|Any CPU.ActiveCfg = Release|Any CPU
		{DA0FFA4D-130A-48D9-A30C-BA4013821065}.Release|Any CPU.Build.0 = Release|Any CPU
		{DA0FFA4D-130A-48D9-A30C-BA4013821065}.Release|Any CPU.Deploy.0 = Release|Any CPU
		{DA0FFA4D-130A-48D9-A30C-BA4013821065}.Release|iPhone.ActiveCfg = Release|Any CPU
		{DA0FFA4D-130A-48D9-A30C-BA4013821065}.Release|iPhone.Build.0 = Release|Any CPU
		{DA0FFA4D-130A-48D9-A30C-BA4013821065}.Release|iPhone.Deploy.0 = Release|Any CPU
		{DA0FFA4D-130A-48D9-A30C-BA4013821065}.Release|iPhoneSimulator.ActiveCfg = Release|Any CPU
		{DA0FFA4D-130A-48D9-A30C-BA4013821065}.Release|iPhoneSimulator.Build.0 = Release|Any CPU
		{DA0FFA4D-130A-48D9-A30C-BA4013821065}.Release|iPhoneSimulator.Deploy.0 = Release|Any CPU
	EndGlobalSection
	GlobalSection(SolutionProperties) = preSolution
		HideSolutionNode = FALSE
	EndGlobalSection
	GlobalSection(ExtensibilityGlobals) = postSolution
		SolutionGuid = {6EF0B153-35DC-4BB4-99A6-01CCD0DBE1A6}
	EndGlobalSection
EndGlobal
